
Microsoft Visual Studio Solution File, Format Version 12.00
# Visual Studio 15
VisualStudioVersion = 15.0.27703.2035
MinimumVisualStudioVersion = 10.0.40219.1
Project("{9A19103F-16F7-4668-BE54-9A1E7A4F7556}") = "geektime_audio", "geektimedownload\geektime_audio.csproj", "{489A80D9-D733-40BD-BD83-0EFF7B96033E}"
EndProject
Global
	GlobalSection(SolutionConfigurationPlatforms) = preSolution
		Debug|Any CPU = Debug|Any CPU
		Release|Any CPU = Release|Any CPU
	EndGlobalSection
	GlobalSection(ProjectConfigurationPlatforms) = postSolution
		{489A80D9-D733-40BD-BD83-0EFF7B96033E}.Debug|Any CPU.ActiveCfg = Debug|Any CPU
		{489A80D9-D733-40BD-BD83-0EFF7B96033E}.Debug|Any CPU.Build.0 = Debug|Any CPU
		{489A80D9-D733-40BD-BD83-0EFF7B96033E}.Release|Any CPU.ActiveCfg = Release|Any CPU
		{489A80D9-D733-40BD-BD83-0EFF7B96033E}.Release|Any CPU.Build.0 = Release|Any CPU
	EndGlobalSection
	GlobalSection(SolutionProperties) = preSolution
		HideSolutionNode = FALSE
	EndGlobalSection
	GlobalSection(ExtensibilityGlobals) = postSolution
		SolutionGuid = {8B9E8D49-5239-4D91-8EED-B1164958E28B}
	EndGlobalSection
EndGlobal
